
Microsoft Visual Studio Solution File, Format Version 12.00
# Visual Studio Version 17
VisualStudioVersion = 17.2.32519.379
MinimumVisualStudioVersion = 10.0.40219.1
Project("{2150E333-8FDC-42A3-9474-1A3956D46DE8}") = "src", "src", "{BA47BAD4-1471-45A5-9AA4-1A4616BC5290}"
EndProject
Project("{2150E333-8FDC-42A3-9474-1A3956D46DE8}") = "Solution Items", "Solution Items", "{909F1990-6B02-4BC0-9139-9A746BFF0549}"
	ProjectSection(SolutionItems) = preProject
		ServiceUrls.txt = ServiceUrls.txt
	EndProjectSection
EndProject
Project("{2150E333-8FDC-42A3-9474-1A3956D46DE8}") = "ApiGateways", "ApiGateways", "{06BAE88E-E1D2-45A8-A1D3-DD17E303F167}"
EndProject
Project("{2150E333-8FDC-42A3-9474-1A3956D46DE8}") = "BuildingBlocks", "BuildingBlocks", "{646DFB55-EFCA-44BB-868D-1CF88039D57A}"
EndProject
Project("{2150E333-8FDC-42A3-9474-1A3956D46DE8}") = "Clients", "Clients", "{B5C689F0-ED98-416A-9C4D-91B6DA717031}"
EndProject
Project("{2150E333-8FDC-42A3-9474-1A3956D46DE8}") = "Services", "Services", "{EB886767-64F1-49C2-B123-A21280CCE73D}"
EndProject
Project("{2150E333-8FDC-42A3-9474-1A3956D46DE8}") = "EventBus", "EventBus", "{9ED0A8E2-8D3C-4200-BEE9-E04042544F7F}"
EndProject
Project("{FAE04EC0-301F-11D3-BF4B-00C04F79EFBC}") = "EventBus.AzureServiceBus", "src\BuildingBlocks\EventBus\EventBus.AzureServiceBus\EventBus.AzureServiceBus.csproj", "{7D678F9C-44B0-42AA-972B-E6838B483547}"
EndProject
Project("{FAE04EC0-301F-11D3-BF4B-00C04F79EFBC}") = "EventBus.Base", "src\BuildingBlocks\EventBus\EventBus.Base\EventBus.Base.csproj", "{A69F59DD-E2E3-45FE-9091-FB58C761AC81}"
EndProject
Project("{FAE04EC0-301F-11D3-BF4B-00C04F79EFBC}") = "EventBus.Factory", "src\BuildingBlocks\EventBus\EventBus.Factory\EventBus.Factory.csproj", "{00AC5BD8-DD9E-4624-B7DA-2B9856BEEB75}"
EndProject
Project("{FAE04EC0-301F-11D3-BF4B-00C04F79EFBC}") = "EventBus.RabbitMQ", "src\BuildingBlocks\EventBus\EventBus.RabbitMQ\EventBus.RabbitMQ.csproj", "{A2837DB9-12D1-44DA-AD23-27C631CFFB86}"
EndProject
Project("{2150E333-8FDC-42A3-9474-1A3956D46DE8}") = "MVCWebApp", "MVCWebApp", "{B90533DE-61E7-4295-9404-7BD76DC99B2E}"
EndProject
Project("{2150E333-8FDC-42A3-9474-1A3956D46DE8}") = "BasketService", "BasketService", "{EC9B7F50-97A6-4C68-94C9-DF62E03AF857}"
EndProject
Project("{FAE04EC0-301F-11D3-BF4B-00C04F79EFBC}") = "BasketService.Api", "src\Services\BasketService\BasketService.Api\BasketService.Api.csproj", "{75798C33-52A2-4072-A964-75CC79E5F600}"
EndProject
Project("{2150E333-8FDC-42A3-9474-1A3956D46DE8}") = "CatalogService", "CatalogService", "{CC4D0774-9351-432D-BE0F-F0B63524667C}"
EndProject
Project("{FAE04EC0-301F-11D3-BF4B-00C04F79EFBC}") = "CatalogService.Api", "src\Services\CatalogService\CatalogService.Api\CatalogService.Api.csproj", "{9456B7E4-9942-48B4-904A-735B9EB8D18E}"
EndProject
Project("{2150E333-8FDC-42A3-9474-1A3956D46DE8}") = "IdentityService", "IdentityService", "{26C56BAF-15BA-4649-99A9-14DF8F86275E}"
EndProject
Project("{FAE04EC0-301F-11D3-BF4B-00C04F79EFBC}") = "IdentityService.Api", "src\Services\IdentityService\IdentityService.Api\IdentityService.Api.csproj", "{F047EC30-5762-4027-A7DB-0EFCB48FE8A4}"
EndProject
Project("{2150E333-8FDC-42A3-9474-1A3956D46DE8}") = "NotificationService", "NotificationService", "{1D7AE1D8-AA5B-4EF4-8F3E-E665AF1233E8}"
EndProject
Project("{FAE04EC0-301F-11D3-BF4B-00C04F79EFBC}") = "NotificationService", "src\Services\NotificationService\NotificationService\NotificationService.csproj", "{0A9EDA84-A2AE-41D6-8906-B15E621BFC68}"
EndProject
Project("{2150E333-8FDC-42A3-9474-1A3956D46DE8}") = "OrderService", "OrderService", "{0C271B9F-7F52-4D15-9896-F9A608264299}"
EndProject
Project("{FAE04EC0-301F-11D3-BF4B-00C04F79EFBC}") = "OrderService.Application", "src\Services\OrderService\OrderService.Application\OrderService.Application.csproj", "{9C43B118-7C67-4473-8245-D427FC05429D}"
EndProject
Project("{FAE04EC0-301F-11D3-BF4B-00C04F79EFBC}") = "OrderService.Domain", "src\Services\OrderService\OrderService.Domain\OrderService.Domain.csproj", "{B03D82FF-D8A2-4B82-86A7-BC0B1251A759}"
EndProject
Project("{FAE04EC0-301F-11D3-BF4B-00C04F79EFBC}") = "OrderService.Infrastructure", "src\Services\OrderService\OrderService.Infrastructure\OrderService.Infrastructure.csproj", "{795577F7-DE9E-43D6-91DA-C1AAB3897F75}"
EndProject
Project("{2150E333-8FDC-42A3-9474-1A3956D46DE8}") = "PaymentService", "PaymentService", "{05ED3F72-D6EC-40F0-8AEC-E27A98402841}"
EndProject
Project("{FAE04EC0-301F-11D3-BF4B-00C04F79EFBC}") = "PaymentService.Api", "src\Services\PaymentService\PaymentService.Api\PaymentService.Api.csproj", "{5618A40C-7A63-406D-ABAF-AB6B21351A5D}"
EndProject
Project("{2150E333-8FDC-42A3-9474-1A3956D46DE8}") = "WebApiGateway", "WebApiGateway", "{8545471A-0246-4243-880E-62853A183743}"
EndProject
Project("{FAE04EC0-301F-11D3-BF4B-00C04F79EFBC}") = "Web.ApiGateway", "src\ApiGateways\WebApiGateway\Web.ApiGateway\Web.ApiGateway.csproj", "{5FE3A122-5D29-4262-969B-A898C49DADA3}"
EndProject
Project("{FAE04EC0-301F-11D3-BF4B-00C04F79EFBC}") = "WebApp", "src\Clients\MVCWebApp\WebApp\WebApp.csproj", "{79ACC391-1C17-4C2E-A4F1-28A6F4AAB5E0}"
EndProject
Project("{FAE04EC0-301F-11D3-BF4B-00C04F79EFBC}") = "OrderService.Api", "src\Services\OrderService\OrderService.Api\OrderService.Api.csproj", "{DD381A07-6BB5-4D19-8F03-9316F15B1378}"
EndProject
Global
	GlobalSection(SolutionConfigurationPlatforms) = preSolution
		Debug|Any CPU = Debug|Any CPU
		Release|Any CPU = Release|Any CPU
	EndGlobalSection
	GlobalSection(ProjectConfigurationPlatforms) = postSolution
		{7D678F9C-44B0-42AA-972B-E6838B483547}.Debug|Any CPU.ActiveCfg = Debug|Any CPU
		{7D678F9C-44B0-42AA-972B-E6838B483547}.Debug|Any CPU.Build.0 = Debug|Any CPU
		{7D678F9C-44B0-42AA-972B-E6838B483547}.Release|Any CPU.ActiveCfg = Release|Any CPU
		{7D678F9C-44B0-42AA-972B-E6838B483547}.Release|Any CPU.Build.0 = Release|Any CPU
		{A69F59DD-E2E3-45FE-9091-FB58C761AC81}.Debug|Any CPU.ActiveCfg = Debug|Any CPU
		{A69F59DD-E2E3-45FE-9091-FB58C761AC81}.Debug|Any CPU.Build.0 = Debug|Any CPU
		{A69F59DD-E2E3-45FE-9091-FB58C761AC81}.Release|Any CPU.ActiveCfg = Release|Any CPU
		{A69F59DD-E2E3-45FE-9091-FB58C761AC81}.Release|Any CPU.Build.0 = Release|Any CPU
		{00AC5BD8-DD9E-4624-B7DA-2B9856BEEB75}.Debug|Any CPU.ActiveCfg = Debug|Any CPU
		{00AC5BD8-DD9E-4624-B7DA-2B9856BEEB75}.Debug|Any CPU.Build.0 = Debug|Any CPU
		{00AC5BD8-DD9E-4624-B7DA-2B9856BEEB75}.Release|Any CPU.ActiveCfg = Release|Any CPU
		{00AC5BD8-DD9E-4624-B7DA-2B9856BEEB75}.Release|Any CPU.Build.0 = Release|Any CPU
		{A2837DB9-12D1-44DA-AD23-27C631CFFB86}.Debug|Any CPU.ActiveCfg = Debug|Any CPU
		{A2837DB9-12D1-44DA-AD23-27C631CFFB86}.Debug|Any CPU.Build.0 = Debug|Any CPU
		{A2837DB9-12D1-44DA-AD23-27C631CFFB86}.Release|Any CPU.ActiveCfg = Release|Any CPU
		{A2837DB9-12D1-44DA-AD23-27C631CFFB86}.Release|Any CPU.Build.0 = Release|Any CPU
		{75798C33-52A2-4072-A964-75CC79E5F600}.Debug|Any CPU.ActiveCfg = Debug|Any CPU
		{75798C33-52A2-4072-A964-75CC79E5F600}.Debug|Any CPU.Build.0 = Debug|Any CPU
		{75798C33-52A2-4072-A964-75CC79E5F600}.Release|Any CPU.ActiveCfg = Release|Any CPU
		{75798C33-52A2-4072-A964-75CC79E5F600}.Release|Any CPU.Build.0 = Release|Any CPU
		{9456B7E4-9942-48B4-904A-735B9EB8D18E}.Debug|Any CPU.ActiveCfg = Debug|Any CPU
		{9456B7E4-9942-48B4-904A-735B9EB8D18E}.Debug|Any CPU.Build.0 = Debug|Any CPU
		{9456B7E4-9942-48B4-904A-735B9EB8D18E}.Release|Any CPU.ActiveCfg = Release|Any CPU
		{9456B7E4-9942-48B4-904A-735B9EB8D18E}.Release|Any CPU.Build.0 = Release|Any CPU
		{F047EC30-5762-4027-A7DB-0EFCB48FE8A4}.Debug|Any CPU.ActiveCfg = Debug|Any CPU
		{F047EC30-5762-4027-A7DB-0EFCB48FE8A4}.Debug|Any CPU.Build.0 = Debug|Any CPU
		{F047EC30-5762-4027-A7DB-0EFCB48FE8A4}.Release|Any CPU.ActiveCfg = Release|Any CPU
		{F047EC30-5762-4027-A7DB-0EFCB48FE8A4}.Release|Any CPU.Build.0 = Release|Any CPU
		{0A9EDA84-A2AE-41D6-8906-B15E621BFC68}.Debug|Any CPU.ActiveCfg = Debug|Any CPU
		{0A9EDA84-A2AE-41D6-8906-B15E621BFC68}.Debug|Any CPU.Build.0 = Debug|Any CPU
		{0A9EDA84-A2AE-41D6-8906-B15E621BFC68}.Release|Any CPU.ActiveCfg = Release|Any CPU
		{0A9EDA84-A2AE-41D6-8906-B15E621BFC68}.Release|Any CPU.Build.0 = Release|Any CPU
		{9C43B118-7C67-4473-8245-D427FC05429D}.Debug|Any CPU.ActiveCfg = Debug|Any CPU
		{9C43B118-7C67-4473-8245-D427FC05429D}.Debug|Any CPU.Build.0 = Debug|Any CPU
		{9C43B118-7C67-4473-8245-D427FC05429D}.Release|Any CPU.ActiveCfg = Release|Any CPU
		{9C43B118-7C67-4473-8245-D427FC05429D}.Release|Any CPU.Build.0 = Release|Any CPU
		{B03D82FF-D8A2-4B82-86A7-BC0B1251A759}.Debug|Any CPU.ActiveCfg = Debug|Any CPU
		{B03D82FF-D8A2-4B82-86A7-BC0B1251A759}.Debug|Any CPU.Build.0 = Debug|Any CPU
		{B03D82FF-D8A2-4B82-86A7-BC0B1251A759}.Release|Any CPU.ActiveCfg = Release|Any CPU
		{B03D82FF-D8A2-4B82-86A7-BC0B1251A759}.Release|Any CPU.Build.0 = Release|Any CPU
		{795577F7-DE9E-43D6-91DA-C1AAB3897F75}.Debug|Any CPU.ActiveCfg = Debug|Any CPU
		{795577F7-DE9E-43D6-91DA-C1AAB3897F75}.Debug|Any CPU.Build.0 = Debug|Any CPU
		{795577F7-DE9E-43D6-91DA-C1AAB3897F75}.Release|Any CPU.ActiveCfg = Release|Any CPU
		{795577F7-DE9E-43D6-91DA-C1AAB3897F75}.Release|Any CPU.Build.0 = Release|Any CPU
		{5618A40C-7A63-406D-ABAF-AB6B21351A5D}.Debug|Any CPU.ActiveCfg = Debug|Any CPU
		{5618A40C-7A63-406D-ABAF-AB6B21351A5D}.Debug|Any CPU.Build.0 = Debug|Any CPU
		{5618A40C-7A63-406D-ABAF-AB6B21351A5D}.Release|Any CPU.ActiveCfg = Release|Any CPU
		{5618A40C-7A63-406D-ABAF-AB6B21351A5D}.Release|Any CPU.Build.0 = Release|Any CPU
		{5FE3A122-5D29-4262-969B-A898C49DADA3}.Debug|Any CPU.ActiveCfg = Debug|Any CPU
		{5FE3A122-5D29-4262-969B-A898C49DADA3}.Debug|Any CPU.Build.0 = Debug|Any CPU
		{5FE3A122-5D29-4262-969B-A898C49DADA3}.Release|Any CPU.ActiveCfg = Release|Any CPU
		{5FE3A122-5D29-4262-969B-A898C49DADA3}.Release|Any CPU.Build.0 = Release|Any CPU
		{79ACC391-1C17-4C2E-A4F1-28A6F4AAB5E0}.Debug|Any CPU.ActiveCfg = Debug|Any CPU
		{79ACC391-1C17-4C2E-A4F1-28A6F4AAB5E0}.Debug|Any CPU.Build.0 = Debug|Any CPU
		{79ACC391-1C17-4C2E-A4F1-28A6F4AAB5E0}.Release|Any CPU.ActiveCfg = Release|Any CPU
		{79ACC391-1C17-4C2E-A4F1-28A6F4AAB5E0}.Release|Any CPU.Build.0 = Release|Any CPU
		{DD381A07-6BB5-4D19-8F03-9316F15B1378}.Debug|Any CPU.ActiveCfg = Debug|Any CPU
		{DD381A07-6BB5-4D19-8F03-9316F15B1378}.Debug|Any CPU.Build.0 = Debug|Any CPU
		{DD381A07-6BB5-4D19-8F03-9316F15B1378}.Release|Any CPU.ActiveCfg = Release|Any CPU
		{DD381A07-6BB5-4D19-8F03-9316F15B1378}.Release|Any CPU.Build.0 = Release|Any CPU
	EndGlobalSection
	GlobalSection(SolutionProperties) = preSolution
		HideSolutionNode = FALSE
	EndGlobalSection
	GlobalSection(NestedProjects) = preSolution
		{06BAE88E-E1D2-45A8-A1D3-DD17E303F167} = {BA47BAD4-1471-45A5-9AA4-1A4616BC5290}
		{646DFB55-EFCA-44BB-868D-1CF88039D57A} = {BA47BAD4-1471-45A5-9AA4-1A4616BC5290}
		{B5C689F0-ED98-416A-9C4D-91B6DA717031} = {BA47BAD4-1471-45A5-9AA4-1A4616BC5290}
		{EB886767-64F1-49C2-B123-A21280CCE73D} = {BA47BAD4-1471-45A5-9AA4-1A4616BC5290}
		{9ED0A8E2-8D3C-4200-BEE9-E04042544F7F} = {646DFB55-EFCA-44BB-868D-1CF88039D57A}
		{7D678F9C-44B0-42AA-972B-E6838B483547} = {9ED0A8E2-8D3C-4200-BEE9-E04042544F7F}
		{A69F59DD-E2E3-45FE-9091-FB58C761AC81} = {9ED0A8E2-8D3C-4200-BEE9-E04042544F7F}
		{00AC5BD8-DD9E-4624-B7DA-2B9856BEEB75} = {9ED0A8E2-8D3C-4200-BEE9-E04042544F7F}
		{A2837DB9-12D1-44DA-AD23-27C631CFFB86} = {9ED0A8E2-8D3C-4200-BEE9-E04042544F7F}
		{B90533DE-61E7-4295-9404-7BD76DC99B2E} = {B5C689F0-ED98-416A-9C4D-91B6DA717031}
		{EC9B7F50-97A6-4C68-94C9-DF62E03AF857} = {EB886767-64F1-49C2-B123-A21280CCE73D}
		{75798C33-52A2-4072-A964-75CC79E5F600} = {EC9B7F50-97A6-4C68-94C9-DF62E03AF857}
		{CC4D0774-9351-432D-BE0F-F0B63524667C} = {EB886767-64F1-49C2-B123-A21280CCE73D}
		{9456B7E4-9942-48B4-904A-735B9EB8D18E} = {CC4D0774-9351-432D-BE0F-F0B63524667C}
		{26C56BAF-15BA-4649-99A9-14DF8F86275E} = {EB886767-64F1-49C2-B123-A21280CCE73D}
		{F047EC30-5762-4027-A7DB-0EFCB48FE8A4} = {26C56BAF-15BA-4649-99A9-14DF8F86275E}
		{1D7AE1D8-AA5B-4EF4-8F3E-E665AF1233E8} = {EB886767-64F1-49C2-B123-A21280CCE73D}
		{0A9EDA84-A2AE-41D6-8906-B15E621BFC68} = {1D7AE1D8-AA5B-4EF4-8F3E-E665AF1233E8}
		{0C271B9F-7F52-4D15-9896-F9A608264299} = {EB886767-64F1-49C2-B123-A21280CCE73D}
		{9C43B118-7C67-4473-8245-D427FC05429D} = {0C271B9F-7F52-4D15-9896-F9A608264299}
		{B03D82FF-D8A2-4B82-86A7-BC0B1251A759} = {0C271B9F-7F52-4D15-9896-F9A608264299}
		{795577F7-DE9E-43D6-91DA-C1AAB3897F75} = {0C271B9F-7F52-4D15-9896-F9A608264299}
		{05ED3F72-D6EC-40F0-8AEC-E27A98402841} = {EB886767-64F1-49C2-B123-A21280CCE73D}
		{5618A40C-7A63-406D-ABAF-AB6B21351A5D} = {05ED3F72-D6EC-40F0-8AEC-E27A98402841}
		{8545471A-0246-4243-880E-62853A183743} = {06BAE88E-E1D2-45A8-A1D3-DD17E303F167}
		{5FE3A122-5D29-4262-969B-A898C49DADA3} = {8545471A-0246-4243-880E-62853A183743}
		{79ACC391-1C17-4C2E-A4F1-28A6F4AAB5E0} = {B90533DE-61E7-4295-9404-7BD76DC99B2E}
		{DD381A07-6BB5-4D19-8F03-9316F15B1378} = {0C271B9F-7F52-4D15-9896-F9A608264299}
	EndGlobalSection
	GlobalSection(ExtensibilityGlobals) = postSolution
		SolutionGuid = {93F16BE0-9802-4E32-9687-D2BBD50E3CC5}
	EndGlobalSection
EndGlobal
